
Microsoft Visual Studio Solution File, Format Version 12.00
# Visual Studio Version 16
VisualStudioVersion = 16.0.31129.286
MinimumVisualStudioVersion = 10.0.40219.1
Project("{9A19103F-16F7-4668-BE54-9A1E7A4F7556}") = "UmbracoNineDemoSite.Web", "UmbracoNineDemoSite.Web\UmbracoNineDemoSite.Web.csproj", "{07681D50-DCF8-4412-BD50-5F9CCFADAEE6}"
EndProject
Project("{9A19103F-16F7-4668-BE54-9A1E7A4F7556}") = "UmbracoNineDemoSite.Core", "UmbracoNineDemoSite.Core\UmbracoNineDemoSite.Core.csproj", "{597309AA-7E26-4484-83FB-310A290D2062}"
EndProject
Project("{2150E333-8FDC-42A3-9474-1A3956D46DE8}") = "Solution Items", "Solution Items", "{23066EA5-D392-4E2D-86CE-E8711CA2B9E5}"
	ProjectSection(SolutionItems) = preProject
		.gitignore = .gitignore
		Readme.md = Readme.md
	EndProjectSection
EndProject
Project("{9A19103F-16F7-4668-BE54-9A1E7A4F7556}") = "UmbracoNineDemoSite.Tests", "UmbracoNineDemoSite.Tests\UmbracoNineDemoSite.Tests.csproj", "{1FB25CB2-869A-4347-9333-1E56EE98B2E5}"
EndProject
Global
	GlobalSection(SolutionConfigurationPlatforms) = preSolution
		Debug|Any CPU = Debug|Any CPU
		Release|Any CPU = Release|Any CPU
	EndGlobalSection
	GlobalSection(ProjectConfigurationPlatforms) = postSolution
		{07681D50-DCF8-4412-BD50-5F9CCFADAEE6}.Debug|Any CPU.ActiveCfg = Debug|Any CPU
		{07681D50-DCF8-4412-BD50-5F9CCFADAEE6}.Debug|Any CPU.Build.0 = Debug|Any CPU
		{07681D50-DCF8-4412-BD50-5F9CCFADAEE6}.Release|Any CPU.ActiveCfg = Release|Any CPU
		{07681D50-DCF8-4412-BD50-5F9CCFADAEE6}.Release|Any CPU.Build.0 = Release|Any CPU
		{597309AA-7E26-4484-83FB-310A290D2062}.Debug|Any CPU.ActiveCfg = Debug|Any CPU
		{597309AA-7E26-4484-83FB-310A290D2062}.Debug|Any CPU.Build.0 = Debug|Any CPU
		{597309AA-7E26-4484-83FB-310A290D2062}.Release|Any CPU.ActiveCfg = Release|Any CPU
		{597309AA-7E26-4484-83FB-310A290D2062}.Release|Any CPU.Build.0 = Release|Any CPU
		{1FB25CB2-869A-4347-9333-1E56EE98B2E5}.Debug|Any CPU.ActiveCfg = Debug|Any CPU
		{1FB25CB2-869A-4347-9333-1E56EE98B2E5}.Debug|Any CPU.Build.0 = Debug|Any CPU
		{1FB25CB2-869A-4347-9333-1E56EE98B2E5}.Release|Any CPU.ActiveCfg = Release|Any CPU
		{1FB25CB2-869A-4347-9333-1E56EE98B2E5}.Release|Any CPU.Build.0 = Release|Any CPU
	EndGlobalSection
	GlobalSection(SolutionProperties) = preSolution
		HideSolutionNode = FALSE
	EndGlobalSection
	GlobalSection(ExtensibilityGlobals) = postSolution
		SolutionGuid = {0F175876-9E04-4C02-889A-14878A4B754B}
	EndGlobalSection
EndGlobal
