
Microsoft Visual Studio Solution File, Format Version 12.00
# Visual Studio Version 17
VisualStudioVersion = 17.2.32526.322
MinimumVisualStudioVersion = 10.0.40219.1
Project("{FAE04EC0-301F-11D3-BF4B-00C04F79EFBC}") = "UmbracoTenDemoSite", "UmbracoTenDemoSite\UmbracoTenDemoSite.csproj", "{32224305-F225-4DDA-808C-CFD9B48C5843}"
EndProject
Global
	GlobalSection(SolutionConfigurationPlatforms) = preSolution
		Debug|Any CPU = Debug|Any CPU
		Release|Any CPU = Release|Any CPU
	EndGlobalSection
	GlobalSection(ProjectConfigurationPlatforms) = postSolution
		{32224305-F225-4DDA-808C-CFD9B48C5843}.Debug|Any CPU.ActiveCfg = Debug|Any CPU
		{32224305-F225-4DDA-808C-CFD9B48C5843}.Debug|Any CPU.Build.0 = Debug|Any CPU
		{32224305-F225-4DDA-808C-CFD9B48C5843}.Release|Any CPU.ActiveCfg = Release|Any CPU
		{32224305-F225-4DDA-808C-CFD9B48C5843}.Release|Any CPU.Build.0 = Release|Any CPU
	EndGlobalSection
	GlobalSection(SolutionProperties) = preSolution
		HideSolutionNode = FALSE
	EndGlobalSection
	GlobalSection(ExtensibilityGlobals) = postSolution
		SolutionGuid = {C3E2B0C6-CDFF-4CDF-8CA8-920A2A5F37F3}
	EndGlobalSection
EndGlobal
