
Microsoft Visual Studio Solution File, Format Version 12.00
# Visual Studio Version 17
VisualStudioVersion = 17.2.32526.322
MinimumVisualStudioVersion = 10.0.40219.1
Project("{2150E333-8FDC-42A3-9474-1A3956D46DE8}") = "solution", "solution", "{9E8BD030-C1BD-4C13-81AB-06821CF288E1}"
	ProjectSection(SolutionItems) = preProject
		readme.md = readme.md
		upgrade-v9.4.2-to-v10-rc5.md = upgrade-v9.4.2-to-v10-rc5.md
	EndProjectSection
EndProject
Project("{9A19103F-16F7-4668-BE54-9A1E7A4F7556}") = "UmbracoTenDemoSite.Web", "UmbracoTenDemoSite.Web\UmbracoTenDemoSite.Web.csproj", "{7D7E3CFF-B15D-4E8C-B4A6-69BFD7FD5AA1}"
EndProject
Project("{9A19103F-16F7-4668-BE54-9A1E7A4F7556}") = "UmbracoTenDemoSite.Integrations.Products", "UmbracoTenDemoSite.Integrations.Products\UmbracoTenDemoSite.Integrations.Products.csproj", "{C6D7A9C0-CB9B-41F0-9D94-629AA7812A6C}"
EndProject
Project("{9A19103F-16F7-4668-BE54-9A1E7A4F7556}") = "UmbracoTenDemoSite.Core", "UmbracoTenDemoSite.Core\UmbracoTenDemoSite.Core.csproj", "{B27B83B9-B946-4A89-924E-757CA6D963DA}"
EndProject
Project("{9A19103F-16F7-4668-BE54-9A1E7A4F7556}") = "UmbracoTenDemoSite.Tests", "UmbracoTenDemoSite.Tests\UmbracoTenDemoSite.Tests.csproj", "{A31ABBFE-9B53-4D67-AAC7-FF622FA799AA}"
EndProject
Global
	GlobalSection(SolutionConfigurationPlatforms) = preSolution
		Debug|Any CPU = Debug|Any CPU
		Release|Any CPU = Release|Any CPU
	EndGlobalSection
	GlobalSection(ProjectConfigurationPlatforms) = postSolution
		{7D7E3CFF-B15D-4E8C-B4A6-69BFD7FD5AA1}.Debug|Any CPU.ActiveCfg = Debug|Any CPU
		{7D7E3CFF-B15D-4E8C-B4A6-69BFD7FD5AA1}.Debug|Any CPU.Build.0 = Debug|Any CPU
		{7D7E3CFF-B15D-4E8C-B4A6-69BFD7FD5AA1}.Release|Any CPU.ActiveCfg = Release|Any CPU
		{7D7E3CFF-B15D-4E8C-B4A6-69BFD7FD5AA1}.Release|Any CPU.Build.0 = Release|Any CPU
		{C6D7A9C0-CB9B-41F0-9D94-629AA7812A6C}.Debug|Any CPU.ActiveCfg = Debug|Any CPU
		{C6D7A9C0-CB9B-41F0-9D94-629AA7812A6C}.Debug|Any CPU.Build.0 = Debug|Any CPU
		{C6D7A9C0-CB9B-41F0-9D94-629AA7812A6C}.Release|Any CPU.ActiveCfg = Release|Any CPU
		{C6D7A9C0-CB9B-41F0-9D94-629AA7812A6C}.Release|Any CPU.Build.0 = Release|Any CPU
		{B27B83B9-B946-4A89-924E-757CA6D963DA}.Debug|Any CPU.ActiveCfg = Debug|Any CPU
		{B27B83B9-B946-4A89-924E-757CA6D963DA}.Debug|Any CPU.Build.0 = Debug|Any CPU
		{B27B83B9-B946-4A89-924E-757CA6D963DA}.Release|Any CPU.ActiveCfg = Release|Any CPU
		{B27B83B9-B946-4A89-924E-757CA6D963DA}.Release|Any CPU.Build.0 = Release|Any CPU
		{A31ABBFE-9B53-4D67-AAC7-FF622FA799AA}.Debug|Any CPU.ActiveCfg = Debug|Any CPU
		{A31ABBFE-9B53-4D67-AAC7-FF622FA799AA}.Release|Any CPU.ActiveCfg = Release|Any CPU
		{A31ABBFE-9B53-4D67-AAC7-FF622FA799AA}.Release|Any CPU.Build.0 = Release|Any CPU
	EndGlobalSection
	GlobalSection(SolutionProperties) = preSolution
		HideSolutionNode = FALSE
	EndGlobalSection
	GlobalSection(ExtensibilityGlobals) = postSolution
		SolutionGuid = {C3E2B0C6-CDFF-4CDF-8CA8-920A2A5F37F3}
	EndGlobalSection
EndGlobal
